
Microsoft Visual Studio Solution File, Format Version 12.00
# Visual Studio Version 17
VisualStudioVersion = 17.0.31919.166
MinimumVisualStudioVersion = 10.0.40219.1
Project("{FAE04EC0-301F-11D3-BF4B-00C04F79EFBC}") = "WebApplication10", "WebApplication10\WebApplication10.csproj", "{7AD825A9-435B-443F-96BA-A7BA794627EB}"
EndProject
Global
	GlobalSection(SolutionConfigurationPlatforms) = preSolution
		Debug|Any CPU = Debug|Any CPU
		Release|Any CPU = Release|Any CPU
	EndGlobalSection
	GlobalSection(ProjectConfigurationPlatforms) = postSolution
		{7AD825A9-435B-443F-96BA-A7BA794627EB}.Debug|Any CPU.ActiveCfg = Debug|Any CPU
		{7AD825A9-435B-443F-96BA-A7BA794627EB}.Debug|Any CPU.Build.0 = Debug|Any CPU
		{7AD825A9-435B-443F-96BA-A7BA794627EB}.Release|Any CPU.ActiveCfg = Release|Any CPU
		{7AD825A9-435B-443F-96BA-A7BA794627EB}.Release|Any CPU.Build.0 = Release|Any CPU
	EndGlobalSection
	GlobalSection(SolutionProperties) = preSolution
		HideSolutionNode = FALSE
	EndGlobalSection
	GlobalSection(ExtensibilityGlobals) = postSolution
		SolutionGuid = {6655EFC9-75DB-4F2F-BE2F-200FAC23753E}
	EndGlobalSection
EndGlobal
